// !$*UTF8*$!
{
	archiveVersion = 1;
	classes = {
	};
	objectVersion = 48;
	objects = {

/* Begin PBXBuildFile section */
		9EB5068B2098471F00F6F082 /* Destination.swift in Sources */ = {isa = PBXBuildFile; fileRef = 9EB5068A2098471F00F6F082 /* Destination.swift */; };
		FB03D01320509B3F00AFEA84 /* AppDelegate.swift in Sources */ = {isa = PBXBuildFile; fileRef = FB03D01220509B3F00AFEA84 /* AppDelegate.swift */; };
		FB03D01520509B3F00AFEA84 /* Authentication.swift in Sources */ = {isa = PBXBuildFile; fileRef = FB03D01420509B3F00AFEA84 /* Authentication.swift */; };
		FB03D01A20509B3F00AFEA84 /* Main.storyboard in Resources */ = {isa = PBXBuildFile; fileRef = FB03D01820509B3F00AFEA84 /* Main.storyboard */; };
		FB03D01C20509B3F00AFEA84 /* Assets.xcassets in Resources */ = {isa = PBXBuildFile; fileRef = FB03D01B20509B3F00AFEA84 /* Assets.xcassets */; };
		FB03D01F20509B3F00AFEA84 /* LaunchScreen.storyboard in Resources */ = {isa = PBXBuildFile; fileRef = FB03D01D20509B3F00AFEA84 /* LaunchScreen.storyboard */; };
		FB0B7418209509E2003FF85D /* Notices.swift in Sources */ = {isa = PBXBuildFile; fileRef = FB0B7417209509E2003FF85D /* Notices.swift */; };
		FB0B741C20950E49003FF85D /* Post.swift in Sources */ = {isa = PBXBuildFile; fileRef = FB0B741B20950E49003FF85D /* Post.swift */; };
		FB0B741E2095158B003FF85D /* PostTableViewCell.swift in Sources */ = {isa = PBXBuildFile; fileRef = FB0B741D2095158B003FF85D /* PostTableViewCell.swift */; };
		FB0B742020952573003FF85D /* PostTableViewController.swift in Sources */ = {isa = PBXBuildFile; fileRef = FB0B741F20952573003FF85D /* PostTableViewController.swift */; };
		FB260AA02091549E00890A3D /* Passenger.swift in Sources */ = {isa = PBXBuildFile; fileRef = FB260A9F2091549E00890A3D /* Passenger.swift */; };
		FB276FD9209FA25500E4ECCD /* ChangePassword.swift in Sources */ = {isa = PBXBuildFile; fileRef = FB276FD8209FA25500E4ECCD /* ChangePassword.swift */; };
		FB3CE98A20962EEC005DC9F2 /* Alerts.swift in Sources */ = {isa = PBXBuildFile; fileRef = FB3CE98920962EEC005DC9F2 /* Alerts.swift */; };
		FB3CE98C209644D2005DC9F2 /* Emergencies.swift in Sources */ = {isa = PBXBuildFile; fileRef = FB3CE98B209644D2005DC9F2 /* Emergencies.swift */; };
		FB3CE98E209647DC005DC9F2 /* TabbedViewController.swift in Sources */ = {isa = PBXBuildFile; fileRef = FB3CE98D209647DC005DC9F2 /* TabbedViewController.swift */; };
		FB3CE9912096878C005DC9F2 /* Profile.swift in Sources */ = {isa = PBXBuildFile; fileRef = FB3CE9902096878C005DC9F2 /* Profile.swift */; };
		FB5B28BA209146A50063C5D2 /* Confirmation.swift in Sources */ = {isa = PBXBuildFile; fileRef = FB5B28B9209146A50063C5D2 /* Confirmation.swift */; };
		FB68130E208E646E00223332 /* CrafterTableViewCell.swift in Sources */ = {isa = PBXBuildFile; fileRef = FB68130D208E646E00223332 /* CrafterTableViewCell.swift */; };
		FB681310208E8DE100223332 /* Crafter.swift in Sources */ = {isa = PBXBuildFile; fileRef = FB68130F208E8DE100223332 /* Crafter.swift */; };
		FB918E5A20A235BE00061449 /* AuthenticationTests.swift in Sources */ = {isa = PBXBuildFile; fileRef = FB918E5920A235BE00061449 /* AuthenticationTests.swift */; };
		FB918E5E20A23E4500061449 /* CrafterTests.swift in Sources */ = {isa = PBXBuildFile; fileRef = FB918E5D20A23E4500061449 /* CrafterTests.swift */; };
		FB918E6020A266D100061449 /* PassengerTests.swift in Sources */ = {isa = PBXBuildFile; fileRef = FB918E5F20A266D100061449 /* PassengerTests.swift */; };
		FB918E6220A2681900061449 /* PostTests.swift in Sources */ = {isa = PBXBuildFile; fileRef = FB918E6120A2681900061449 /* PostTests.swift */; };
		FB918E6420A26DC200061449 /* ProfileTests.swift in Sources */ = {isa = PBXBuildFile; fileRef = FB918E6320A26DC200061449 /* ProfileTests.swift */; };
		FB918E6620A271A900061449 /* StatTests.swift in Sources */ = {isa = PBXBuildFile; fileRef = FB918E6520A271A900061449 /* StatTests.swift */; };
		FB918E6820A277C800061449 /* ChangePasswordTests.swift in Sources */ = {isa = PBXBuildFile; fileRef = FB918E6720A277C800061449 /* ChangePasswordTests.swift */; };
		FB918E6A20A27CDD00061449 /* CommentTests.swift in Sources */ = {isa = PBXBuildFile; fileRef = FB918E6920A27CDD00061449 /* CommentTests.swift */; };
		FB9F0A27209A3DC100BCC82A /* ToppedViewController.swift in Sources */ = {isa = PBXBuildFile; fileRef = FB9F0A26209A3DC100BCC82A /* ToppedViewController.swift */; };
		FB9F0A2B209A453300BCC82A /* Stat.swift in Sources */ = {isa = PBXBuildFile; fileRef = FB9F0A2A209A453300BCC82A /* Stat.swift */; };
		FB9F0A2D209A58E300BCC82A /* StatTableViewController.swift in Sources */ = {isa = PBXBuildFile; fileRef = FB9F0A2C209A58E300BCC82A /* StatTableViewController.swift */; };
		FB9F0A2F209A5CD900BCC82A /* StatTableViewCell.swift in Sources */ = {isa = PBXBuildFile; fileRef = FB9F0A2E209A5CD900BCC82A /* StatTableViewCell.swift */; };
		FBA015D12093DC1B00EC2F9C /* VWHead-RegularItalic.otf in Resources */ = {isa = PBXBuildFile; fileRef = FBA015CD2093DC1B00EC2F9C /* VWHead-RegularItalic.otf */; };
		FBA015D22093DC1B00EC2F9C /* VWHead-Bold.otf in Resources */ = {isa = PBXBuildFile; fileRef = FBA015CE2093DC1B00EC2F9C /* VWHead-Bold.otf */; };
		FBA015D32093DC1B00EC2F9C /* VWHead-Regular.otf in Resources */ = {isa = PBXBuildFile; fileRef = FBA015CF2093DC1B00EC2F9C /* VWHead-Regular.otf */; };
		FBA015D42093DC1B00EC2F9C /* VWHead-BoldItalic.otf in Resources */ = {isa = PBXBuildFile; fileRef = FBA015D02093DC1B00EC2F9C /* VWHead-BoldItalic.otf */; };
		FBA015D92093DC2400EC2F9C /* VWText-Bold.otf in Resources */ = {isa = PBXBuildFile; fileRef = FBA015D52093DC2400EC2F9C /* VWText-Bold.otf */; };
		FBA015DA2093DC2400EC2F9C /* VWText-BoldItalic.otf in Resources */ = {isa = PBXBuildFile; fileRef = FBA015D62093DC2400EC2F9C /* VWText-BoldItalic.otf */; };
		FBA015DB2093DC2400EC2F9C /* VWText-Regular.otf in Resources */ = {isa = PBXBuildFile; fileRef = FBA015D72093DC2400EC2F9C /* VWText-Regular.otf */; };
		FBA015DC2093DC2400EC2F9C /* VWText-RegularItalic.otf in Resources */ = {isa = PBXBuildFile; fileRef = FBA015D82093DC2400EC2F9C /* VWText-RegularItalic.otf */; };
		FBC4EDD920A111BA00DDF506 /* Comment.swift in Sources */ = {isa = PBXBuildFile; fileRef = FBC4EDD820A111BA00DDF506 /* Comment.swift */; };
		FBC4EDDB20A1138A00DDF506 /* CommentTableViewController.swift in Sources */ = {isa = PBXBuildFile; fileRef = FBC4EDDA20A1138A00DDF506 /* CommentTableViewController.swift */; };
		FBC4EDDD20A11A9A00DDF506 /* CommentTableViewCell.swift in Sources */ = {isa = PBXBuildFile; fileRef = FBC4EDDC20A11A9A00DDF506 /* CommentTableViewCell.swift */; };
		FBC4EDDF20A1337800DDF506 /* ProfileViewController.swift in Sources */ = {isa = PBXBuildFile; fileRef = FBC4EDDE20A1337800DDF506 /* ProfileViewController.swift */; };
		FBE4A3822076B11C008EFCD2 /* Selection.swift in Sources */ = {isa = PBXBuildFile; fileRef = FBE4A3812076B11C008EFCD2 /* Selection.swift */; };
		FBF69791208E966800424AE3 /* CrafterTableViewController.swift in Sources */ = {isa = PBXBuildFile; fileRef = FBF69790208E966800424AE3 /* CrafterTableViewController.swift */; };
/* End PBXBuildFile section */

/* Begin PBXContainerItemProxy section */
		FB03D02620509B3F00AFEA84 /* PBXContainerItemProxy */ = {
			isa = PBXContainerItemProxy;
			containerPortal = FB03D00720509B3F00AFEA84 /* Project object */;
			proxyType = 1;
			remoteGlobalIDString = FB03D00E20509B3F00AFEA84;
			remoteInfo = WCrafter;
		};
		FB03D03120509B3F00AFEA84 /* PBXContainerItemProxy */ = {
			isa = PBXContainerItemProxy;
			containerPortal = FB03D00720509B3F00AFEA84 /* Project object */;
			proxyType = 1;
			remoteGlobalIDString = FB03D00E20509B3F00AFEA84;
			remoteInfo = WCrafter;
		};
/* End PBXContainerItemProxy section */

/* Begin PBXFileReference section */
		9EB5068A2098471F00F6F082 /* Destination.swift */ = {isa = PBXFileReference; lastKnownFileType = sourcecode.swift; path = Destination.swift; sourceTree = "<group>"; };
		FB03D00F20509B3F00AFEA84 /* WCrafter.app */ = {isa = PBXFileReference; explicitFileType = wrapper.application; includeInIndex = 0; path = WCrafter.app; sourceTree = BUILT_PRODUCTS_DIR; };
		FB03D01220509B3F00AFEA84 /* AppDelegate.swift */ = {isa = PBXFileReference; lastKnownFileType = sourcecode.swift; path = AppDelegate.swift; sourceTree = "<group>"; };
		FB03D01420509B3F00AFEA84 /* Authentication.swift */ = {isa = PBXFileReference; lastKnownFileType = sourcecode.swift; path = Authentication.swift; sourceTree = "<group>"; };
		FB03D01920509B3F00AFEA84 /* Base */ = {isa = PBXFileReference; lastKnownFileType = file.storyboard; name = Base; path = Base.lproj/Main.storyboard; sourceTree = "<group>"; };
		FB03D01B20509B3F00AFEA84 /* Assets.xcassets */ = {isa = PBXFileReference; lastKnownFileType = folder.assetcatalog; path = Assets.xcassets; sourceTree = "<group>"; };
		FB03D01E20509B3F00AFEA84 /* Base */ = {isa = PBXFileReference; lastKnownFileType = file.storyboard; name = Base; path = Base.lproj/LaunchScreen.storyboard; sourceTree = "<group>"; };
		FB03D02020509B3F00AFEA84 /* Info.plist */ = {isa = PBXFileReference; lastKnownFileType = text.plist.xml; path = Info.plist; sourceTree = "<group>"; };
		FB03D02520509B3F00AFEA84 /* WCrafterTests.xctest */ = {isa = PBXFileReference; explicitFileType = wrapper.cfbundle; includeInIndex = 0; path = WCrafterTests.xctest; sourceTree = BUILT_PRODUCTS_DIR; };
		FB03D02B20509B3F00AFEA84 /* Info.plist */ = {isa = PBXFileReference; lastKnownFileType = text.plist.xml; path = Info.plist; sourceTree = "<group>"; };
		FB03D03020509B3F00AFEA84 /* WCrafterUITests.xctest */ = {isa = PBXFileReference; explicitFileType = wrapper.cfbundle; includeInIndex = 0; path = WCrafterUITests.xctest; sourceTree = BUILT_PRODUCTS_DIR; };
		FB03D03620509B3F00AFEA84 /* Info.plist */ = {isa = PBXFileReference; lastKnownFileType = text.plist.xml; path = Info.plist; sourceTree = "<group>"; };
		FB0B7417209509E2003FF85D /* Notices.swift */ = {isa = PBXFileReference; lastKnownFileType = sourcecode.swift; path = Notices.swift; sourceTree = "<group>"; };
		FB0B741B20950E49003FF85D /* Post.swift */ = {isa = PBXFileReference; lastKnownFileType = sourcecode.swift; path = Post.swift; sourceTree = "<group>"; };
		FB0B741D2095158B003FF85D /* PostTableViewCell.swift */ = {isa = PBXFileReference; lastKnownFileType = sourcecode.swift; path = PostTableViewCell.swift; sourceTree = "<group>"; };
		FB0B741F20952573003FF85D /* PostTableViewController.swift */ = {isa = PBXFileReference; lastKnownFileType = sourcecode.swift; path = PostTableViewController.swift; sourceTree = "<group>"; };
		FB260A9F2091549E00890A3D /* Passenger.swift */ = {isa = PBXFileReference; lastKnownFileType = sourcecode.swift; path = Passenger.swift; sourceTree = "<group>"; };
		FB276FD8209FA25500E4ECCD /* ChangePassword.swift */ = {isa = PBXFileReference; lastKnownFileType = sourcecode.swift; path = ChangePassword.swift; sourceTree = "<group>"; };
		FB3CE98920962EEC005DC9F2 /* Alerts.swift */ = {isa = PBXFileReference; lastKnownFileType = sourcecode.swift; path = Alerts.swift; sourceTree = "<group>"; };
		FB3CE98B209644D2005DC9F2 /* Emergencies.swift */ = {isa = PBXFileReference; lastKnownFileType = sourcecode.swift; path = Emergencies.swift; sourceTree = "<group>"; };
		FB3CE98D209647DC005DC9F2 /* TabbedViewController.swift */ = {isa = PBXFileReference; lastKnownFileType = sourcecode.swift; path = TabbedViewController.swift; sourceTree = "<group>"; };
		FB3CE9902096878C005DC9F2 /* Profile.swift */ = {isa = PBXFileReference; lastKnownFileType = sourcecode.swift; path = Profile.swift; sourceTree = "<group>"; };
		FB5B28B9209146A50063C5D2 /* Confirmation.swift */ = {isa = PBXFileReference; lastKnownFileType = sourcecode.swift; path = Confirmation.swift; sourceTree = "<group>"; };
		FB68130D208E646E00223332 /* CrafterTableViewCell.swift */ = {isa = PBXFileReference; lastKnownFileType = sourcecode.swift; path = CrafterTableViewCell.swift; sourceTree = "<group>"; };
		FB68130F208E8DE100223332 /* Crafter.swift */ = {isa = PBXFileReference; lastKnownFileType = sourcecode.swift; path = Crafter.swift; sourceTree = "<group>"; };
		FB918E5920A235BE00061449 /* AuthenticationTests.swift */ = {isa = PBXFileReference; lastKnownFileType = sourcecode.swift; path = AuthenticationTests.swift; sourceTree = "<group>"; };
		FB918E5D20A23E4500061449 /* CrafterTests.swift */ = {isa = PBXFileReference; lastKnownFileType = sourcecode.swift; path = CrafterTests.swift; sourceTree = "<group>"; };
		FB918E5F20A266D100061449 /* PassengerTests.swift */ = {isa = PBXFileReference; lastKnownFileType = sourcecode.swift; path = PassengerTests.swift; sourceTree = "<group>"; };
		FB918E6120A2681900061449 /* PostTests.swift */ = {isa = PBXFileReference; lastKnownFileType = sourcecode.swift; path = PostTests.swift; sourceTree = "<group>"; };
		FB918E6320A26DC200061449 /* ProfileTests.swift */ = {isa = PBXFileReference; lastKnownFileType = sourcecode.swift; path = ProfileTests.swift; sourceTree = "<group>"; };
		FB918E6520A271A900061449 /* StatTests.swift */ = {isa = PBXFileReference; lastKnownFileType = sourcecode.swift; path = StatTests.swift; sourceTree = "<group>"; };
		FB918E6720A277C800061449 /* ChangePasswordTests.swift */ = {isa = PBXFileReference; lastKnownFileType = sourcecode.swift; path = ChangePasswordTests.swift; sourceTree = "<group>"; };
		FB918E6920A27CDD00061449 /* CommentTests.swift */ = {isa = PBXFileReference; lastKnownFileType = sourcecode.swift; path = CommentTests.swift; sourceTree = "<group>"; };
		FB9F0A26209A3DC100BCC82A /* ToppedViewController.swift */ = {isa = PBXFileReference; lastKnownFileType = sourcecode.swift; path = ToppedViewController.swift; sourceTree = "<group>"; };
		FB9F0A2A209A453300BCC82A /* Stat.swift */ = {isa = PBXFileReference; lastKnownFileType = sourcecode.swift; path = Stat.swift; sourceTree = "<group>"; };
		FB9F0A2C209A58E300BCC82A /* StatTableViewController.swift */ = {isa = PBXFileReference; lastKnownFileType = sourcecode.swift; path = StatTableViewController.swift; sourceTree = "<group>"; };
		FB9F0A2E209A5CD900BCC82A /* StatTableViewCell.swift */ = {isa = PBXFileReference; lastKnownFileType = sourcecode.swift; path = StatTableViewCell.swift; sourceTree = "<group>"; };
		FBA015CD2093DC1B00EC2F9C /* VWHead-RegularItalic.otf */ = {isa = PBXFileReference; lastKnownFileType = file; path = "VWHead-RegularItalic.otf"; sourceTree = "<group>"; };
		FBA015CE2093DC1B00EC2F9C /* VWHead-Bold.otf */ = {isa = PBXFileReference; lastKnownFileType = file; path = "VWHead-Bold.otf"; sourceTree = "<group>"; };
		FBA015CF2093DC1B00EC2F9C /* VWHead-Regular.otf */ = {isa = PBXFileReference; lastKnownFileType = file; path = "VWHead-Regular.otf"; sourceTree = "<group>"; };
		FBA015D02093DC1B00EC2F9C /* VWHead-BoldItalic.otf */ = {isa = PBXFileReference; lastKnownFileType = file; path = "VWHead-BoldItalic.otf"; sourceTree = "<group>"; };
		FBA015D52093DC2400EC2F9C /* VWText-Bold.otf */ = {isa = PBXFileReference; lastKnownFileType = file; path = "VWText-Bold.otf"; sourceTree = "<group>"; };
		FBA015D62093DC2400EC2F9C /* VWText-BoldItalic.otf */ = {isa = PBXFileReference; lastKnownFileType = file; path = "VWText-BoldItalic.otf"; sourceTree = "<group>"; };
		FBA015D72093DC2400EC2F9C /* VWText-Regular.otf */ = {isa = PBXFileReference; lastKnownFileType = file; path = "VWText-Regular.otf"; sourceTree = "<group>"; };
		FBA015D82093DC2400EC2F9C /* VWText-RegularItalic.otf */ = {isa = PBXFileReference; lastKnownFileType = file; path = "VWText-RegularItalic.otf"; sourceTree = "<group>"; };
		FBC4EDD820A111BA00DDF506 /* Comment.swift */ = {isa = PBXFileReference; lastKnownFileType = sourcecode.swift; path = Comment.swift; sourceTree = "<group>"; };
		FBC4EDDA20A1138A00DDF506 /* CommentTableViewController.swift */ = {isa = PBXFileReference; lastKnownFileType = sourcecode.swift; path = CommentTableViewController.swift; sourceTree = "<group>"; };
		FBC4EDDC20A11A9A00DDF506 /* CommentTableViewCell.swift */ = {isa = PBXFileReference; lastKnownFileType = sourcecode.swift; path = CommentTableViewCell.swift; sourceTree = "<group>"; };
		FBC4EDDE20A1337800DDF506 /* ProfileViewController.swift */ = {isa = PBXFileReference; lastKnownFileType = sourcecode.swift; path = ProfileViewController.swift; sourceTree = "<group>"; };
		FBE4A3812076B11C008EFCD2 /* Selection.swift */ = {isa = PBXFileReference; lastKnownFileType = sourcecode.swift; path = Selection.swift; sourceTree = "<group>"; };
		FBF69790208E966800424AE3 /* CrafterTableViewController.swift */ = {isa = PBXFileReference; lastKnownFileType = sourcecode.swift; path = CrafterTableViewController.swift; sourceTree = "<group>"; };
/* End PBXFileReference section */

/* Begin PBXFrameworksBuildPhase section */
		FB03D00C20509B3F00AFEA84 /* Frameworks */ = {
			isa = PBXFrameworksBuildPhase;
			buildActionMask = 2147483647;
			files = (
			);
			runOnlyForDeploymentPostprocessing = 0;
		};
		FB03D02220509B3F00AFEA84 /* Frameworks */ = {
			isa = PBXFrameworksBuildPhase;
			buildActionMask = 2147483647;
			files = (
			);
			runOnlyForDeploymentPostprocessing = 0;
		};
		FB03D02D20509B3F00AFEA84 /* Frameworks */ = {
			isa = PBXFrameworksBuildPhase;
			buildActionMask = 2147483647;
			files = (
			);
			runOnlyForDeploymentPostprocessing = 0;
		};
/* End PBXFrameworksBuildPhase section */

/* Begin PBXGroup section */
		FB03D00620509B3F00AFEA84 = {
			isa = PBXGroup;
			children = (
				FB03D01120509B3F00AFEA84 /* WCrafter */,
				FB03D02820509B3F00AFEA84 /* WCrafterTests */,
				FB03D03320509B3F00AFEA84 /* WCrafterUITests */,
				FB03D01020509B3F00AFEA84 /* Products */,
			);
			sourceTree = "<group>";
		};
		FB03D01020509B3F00AFEA84 /* Products */ = {
			isa = PBXGroup;
			children = (
				FB03D00F20509B3F00AFEA84 /* WCrafter.app */,
				FB03D02520509B3F00AFEA84 /* WCrafterTests.xctest */,
				FB03D03020509B3F00AFEA84 /* WCrafterUITests.xctest */,
			);
			name = Products;
			sourceTree = "<group>";
		};
		FB03D01120509B3F00AFEA84 /* WCrafter */ = {
			isa = PBXGroup;
			children = (
				FBA015C42093DBD600EC2F9C /* Fonts */,
				FB03D01220509B3F00AFEA84 /* AppDelegate.swift */,
				FB03D01420509B3F00AFEA84 /* Authentication.swift */,
				FBE4A3812076B11C008EFCD2 /* Selection.swift */,
				FBF69790208E966800424AE3 /* CrafterTableViewController.swift */,
				FB68130F208E8DE100223332 /* Crafter.swift */,
				FB68130D208E646E00223332 /* CrafterTableViewCell.swift */,
				FB5B28B9209146A50063C5D2 /* Confirmation.swift */,
				FB9F0A26209A3DC100BCC82A /* ToppedViewController.swift */,
				FB3CE98D209647DC005DC9F2 /* TabbedViewController.swift */,
				9EB5068A2098471F00F6F082 /* Destination.swift */,
				FB260A9F2091549E00890A3D /* Passenger.swift */,
				FB0B7417209509E2003FF85D /* Notices.swift */,
				FB0B741F20952573003FF85D /* PostTableViewController.swift */,
				FB0B741B20950E49003FF85D /* Post.swift */,
				FB0B741D2095158B003FF85D /* PostTableViewCell.swift */,
				FB3CE98920962EEC005DC9F2 /* Alerts.swift */,
				FB3CE98B209644D2005DC9F2 /* Emergencies.swift */,
				FBC4EDDE20A1337800DDF506 /* ProfileViewController.swift */,
				FB3CE9902096878C005DC9F2 /* Profile.swift */,
				FB9F0A2C209A58E300BCC82A /* StatTableViewController.swift */,
				FB9F0A2A209A453300BCC82A /* Stat.swift */,
				FB9F0A2E209A5CD900BCC82A /* StatTableViewCell.swift */,
				FB276FD8209FA25500E4ECCD /* ChangePassword.swift */,
				FBC4EDDA20A1138A00DDF506 /* CommentTableViewController.swift */,
				FBC4EDD820A111BA00DDF506 /* Comment.swift */,
				FBC4EDDC20A11A9A00DDF506 /* CommentTableViewCell.swift */,
				FB03D01B20509B3F00AFEA84 /* Assets.xcassets */,
				FB03D01820509B3F00AFEA84 /* Main.storyboard */,
				FB03D01D20509B3F00AFEA84 /* LaunchScreen.storyboard */,
				FB03D02020509B3F00AFEA84 /* Info.plist */,
			);
			path = WCrafter;
			sourceTree = "<group>";
		};
		FB03D02820509B3F00AFEA84 /* WCrafterTests */ = {
			isa = PBXGroup;
			children = (
				FB918E6920A27CDD00061449 /* CommentTests.swift */,
				FB918E6720A277C800061449 /* ChangePasswordTests.swift */,
				FB918E6520A271A900061449 /* StatTests.swift */,
				FB918E6320A26DC200061449 /* ProfileTests.swift */,
				FB918E6120A2681900061449 /* PostTests.swift */,
				FB918E5F20A266D100061449 /* PassengerTests.swift */,
				FB918E5D20A23E4500061449 /* CrafterTests.swift */,
				FB918E5920A235BE00061449 /* AuthenticationTests.swift */,
				FB03D02B20509B3F00AFEA84 /* Info.plist */,
			);
			path = WCrafterTests;
			sourceTree = "<group>";
		};
		FB03D03320509B3F00AFEA84 /* WCrafterUITests */ = {
			isa = PBXGroup;
			children = (
				FB03D03620509B3F00AFEA84 /* Info.plist */,
			);
			path = WCrafterUITests;
			sourceTree = "<group>";
		};
		FBA015C42093DBD600EC2F9C /* Fonts */ = {
			isa = PBXGroup;
			children = (
				FBA015CE2093DC1B00EC2F9C /* VWHead-Bold.otf */,
				FBA015D02093DC1B00EC2F9C /* VWHead-BoldItalic.otf */,
				FBA015CF2093DC1B00EC2F9C /* VWHead-Regular.otf */,
				FBA015CD2093DC1B00EC2F9C /* VWHead-RegularItalic.otf */,
				FBA015D52093DC2400EC2F9C /* VWText-Bold.otf */,
				FBA015D62093DC2400EC2F9C /* VWText-BoldItalic.otf */,
				FBA015D72093DC2400EC2F9C /* VWText-Regular.otf */,
				FBA015D82093DC2400EC2F9C /* VWText-RegularItalic.otf */,
			);
			name = Fonts;
			path = "New Group";
			sourceTree = "<group>";
		};
/* End PBXGroup section */

/* Begin PBXNativeTarget section */
		FB03D00E20509B3F00AFEA84 /* WCrafter */ = {
			isa = PBXNativeTarget;
			buildConfigurationList = FB03D03920509B3F00AFEA84 /* Build configuration list for PBXNativeTarget "WCrafter" */;
			buildPhases = (
				FB03D00B20509B3F00AFEA84 /* Sources */,
				FB03D00C20509B3F00AFEA84 /* Frameworks */,
				FB03D00D20509B3F00AFEA84 /* Resources */,
			);
			buildRules = (
			);
			dependencies = (
			);
			name = WCrafter;
			productName = WCrafter;
			productReference = FB03D00F20509B3F00AFEA84 /* WCrafter.app */;
			productType = "com.apple.product-type.application";
		};
		FB03D02420509B3F00AFEA84 /* WCrafterTests */ = {
			isa = PBXNativeTarget;
			buildConfigurationList = FB03D03C20509B3F00AFEA84 /* Build configuration list for PBXNativeTarget "WCrafterTests" */;
			buildPhases = (
				FB03D02120509B3F00AFEA84 /* Sources */,
				FB03D02220509B3F00AFEA84 /* Frameworks */,
				FB03D02320509B3F00AFEA84 /* Resources */,
			);
			buildRules = (
			);
			dependencies = (
				FB03D02720509B3F00AFEA84 /* PBXTargetDependency */,
			);
			name = WCrafterTests;
			productName = WCrafterTests;
			productReference = FB03D02520509B3F00AFEA84 /* WCrafterTests.xctest */;
			productType = "com.apple.product-type.bundle.unit-test";
		};
		FB03D02F20509B3F00AFEA84 /* WCrafterUITests */ = {
			isa = PBXNativeTarget;
			buildConfigurationList = FB03D03F20509B3F00AFEA84 /* Build configuration list for PBXNativeTarget "WCrafterUITests" */;
			buildPhases = (
				FB03D02C20509B3F00AFEA84 /* Sources */,
				FB03D02D20509B3F00AFEA84 /* Frameworks */,
				FB03D02E20509B3F00AFEA84 /* Resources */,
			);
			buildRules = (
			);
			dependencies = (
				FB03D03220509B3F00AFEA84 /* PBXTargetDependency */,
			);
			name = WCrafterUITests;
			productName = WCrafterUITests;
			productReference = FB03D03020509B3F00AFEA84 /* WCrafterUITests.xctest */;
			productType = "com.apple.product-type.bundle.ui-testing";
		};
/* End PBXNativeTarget section */

/* Begin PBXProject section */
		FB03D00720509B3F00AFEA84 /* Project object */ = {
			isa = PBXProject;
			attributes = {
				LastSwiftUpdateCheck = 0920;
				LastUpgradeCheck = 0930;
				ORGANIZATIONNAME = Alumno;
				TargetAttributes = {
					FB03D00E20509B3F00AFEA84 = {
						CreatedOnToolsVersion = 9.2;
						ProvisioningStyle = Automatic;
					};
					FB03D02420509B3F00AFEA84 = {
						CreatedOnToolsVersion = 9.2;
						ProvisioningStyle = Automatic;
						TestTargetID = FB03D00E20509B3F00AFEA84;
					};
					FB03D02F20509B3F00AFEA84 = {
						CreatedOnToolsVersion = 9.2;
						ProvisioningStyle = Automatic;
						TestTargetID = FB03D00E20509B3F00AFEA84;
					};
				};
			};
			buildConfigurationList = FB03D00A20509B3F00AFEA84 /* Build configuration list for PBXProject "WCrafter" */;
			compatibilityVersion = "Xcode 8.0";
			developmentRegion = en;
			hasScannedForEncodings = 0;
			knownRegions = (
				en,
				Base,
			);
			mainGroup = FB03D00620509B3F00AFEA84;
			productRefGroup = FB03D01020509B3F00AFEA84 /* Products */;
			projectDirPath = "";
			projectRoot = "";
			targets = (
				FB03D00E20509B3F00AFEA84 /* WCrafter */,
				FB03D02420509B3F00AFEA84 /* WCrafterTests */,
				FB03D02F20509B3F00AFEA84 /* WCrafterUITests */,
			);
		};
/* End PBXProject section */

/* Begin PBXResourcesBuildPhase section */
		FB03D00D20509B3F00AFEA84 /* Resources */ = {
			isa = PBXResourcesBuildPhase;
			buildActionMask = 2147483647;
			files = (
				FB03D01F20509B3F00AFEA84 /* LaunchScreen.storyboard in Resources */,
				FBA015DC2093DC2400EC2F9C /* VWText-RegularItalic.otf in Resources */,
				FBA015D42093DC1B00EC2F9C /* VWHead-BoldItalic.otf in Resources */,
				FBA015DA2093DC2400EC2F9C /* VWText-BoldItalic.otf in Resources */,
				FBA015D22093DC1B00EC2F9C /* VWHead-Bold.otf in Resources */,
				FB03D01C20509B3F00AFEA84 /* Assets.xcassets in Resources */,
				FBA015D32093DC1B00EC2F9C /* VWHead-Regular.otf in Resources */,
				FBA015DB2093DC2400EC2F9C /* VWText-Regular.otf in Resources */,
				FB03D01A20509B3F00AFEA84 /* Main.storyboard in Resources */,
				FBA015D92093DC2400EC2F9C /* VWText-Bold.otf in Resources */,
				FBA015D12093DC1B00EC2F9C /* VWHead-RegularItalic.otf in Resources */,
			);
			runOnlyForDeploymentPostprocessing = 0;
		};
		FB03D02320509B3F00AFEA84 /* Resources */ = {
			isa = PBXResourcesBuildPhase;
			buildActionMask = 2147483647;
			files = (
			);
			runOnlyForDeploymentPostprocessing = 0;
		};
		FB03D02E20509B3F00AFEA84 /* Resources */ = {
			isa = PBXResourcesBuildPhase;
			buildActionMask = 2147483647;
			files = (
			);
			runOnlyForDeploymentPostprocessing = 0;
		};
/* End PBXResourcesBuildPhase section */

/* Begin PBXSourcesBuildPhase section */
		FB03D00B20509B3F00AFEA84 /* Sources */ = {
			isa = PBXSourcesBuildPhase;
			buildActionMask = 2147483647;
			files = (
				FB0B741C20950E49003FF85D /* Post.swift in Sources */,
				FBC4EDD920A111BA00DDF506 /* Comment.swift in Sources */,
				FBC4EDDD20A11A9A00DDF506 /* CommentTableViewCell.swift in Sources */,
				FB0B742020952573003FF85D /* PostTableViewController.swift in Sources */,
				FB0B7418209509E2003FF85D /* Notices.swift in Sources */,
				FB681310208E8DE100223332 /* Crafter.swift in Sources */,
				FBE4A3822076B11C008EFCD2 /* Selection.swift in Sources */,
				FB9F0A2B209A453300BCC82A /* Stat.swift in Sources */,
				FB3CE98E209647DC005DC9F2 /* TabbedViewController.swift in Sources */,
				FB260AA02091549E00890A3D /* Passenger.swift in Sources */,
				FBC4EDDF20A1337800DDF506 /* ProfileViewController.swift in Sources */,
				FB276FD9209FA25500E4ECCD /* ChangePassword.swift in Sources */,
				FBF69791208E966800424AE3 /* CrafterTableViewController.swift in Sources */,
				FB9F0A27209A3DC100BCC82A /* ToppedViewController.swift in Sources */,
				FB9F0A2F209A5CD900BCC82A /* StatTableViewCell.swift in Sources */,
				FB5B28BA209146A50063C5D2 /* Confirmation.swift in Sources */,
				FB3CE9912096878C005DC9F2 /* Profile.swift in Sources */,
				FB3CE98A20962EEC005DC9F2 /* Alerts.swift in Sources */,
				9EB5068B2098471F00F6F082 /* Destination.swift in Sources */,
				FB03D01320509B3F00AFEA84 /* AppDelegate.swift in Sources */,
				FBC4EDDB20A1138A00DDF506 /* CommentTableViewController.swift in Sources */,
				FB9F0A2D209A58E300BCC82A /* StatTableViewController.swift in Sources */,
				FB03D01520509B3F00AFEA84 /* Authentication.swift in Sources */,
				FB68130E208E646E00223332 /* CrafterTableViewCell.swift in Sources */,
				FB0B741E2095158B003FF85D /* PostTableViewCell.swift in Sources */,
				FB3CE98C209644D2005DC9F2 /* Emergencies.swift in Sources */,
			);
			runOnlyForDeploymentPostprocessing = 0;
		};
		FB03D02120509B3F00AFEA84 /* Sources */ = {
			isa = PBXSourcesBuildPhase;
			buildActionMask = 2147483647;
			files = (
				FB918E5A20A235BE00061449 /* AuthenticationTests.swift in Sources */,
				FB918E6020A266D100061449 /* PassengerTests.swift in Sources */,
				FB918E5E20A23E4500061449 /* CrafterTests.swift in Sources */,
				FB918E6A20A27CDD00061449 /* CommentTests.swift in Sources */,
				FB918E6220A2681900061449 /* PostTests.swift in Sources */,
				FB918E6420A26DC200061449 /* ProfileTests.swift in Sources */,
				FB918E6620A271A900061449 /* StatTests.swift in Sources */,
				FB918E6820A277C800061449 /* ChangePasswordTests.swift in Sources */,
			);
			runOnlyForDeploymentPostprocessing = 0;
		};
		FB03D02C20509B3F00AFEA84 /* Sources */ = {
			isa = PBXSourcesBuildPhase;
			buildActionMask = 2147483647;
			files = (
			);
			runOnlyForDeploymentPostprocessing = 0;
		};
/* End PBXSourcesBuildPhase section */

/* Begin PBXTargetDependency section */
		FB03D02720509B3F00AFEA84 /* PBXTargetDependency */ = {
			isa = PBXTargetDependency;
			target = FB03D00E20509B3F00AFEA84 /* WCrafter */;
			targetProxy = FB03D02620509B3F00AFEA84 /* PBXContainerItemProxy */;
		};
		FB03D03220509B3F00AFEA84 /* PBXTargetDependency */ = {
			isa = PBXTargetDependency;
			target = FB03D00E20509B3F00AFEA84 /* WCrafter */;
			targetProxy = FB03D03120509B3F00AFEA84 /* PBXContainerItemProxy */;
		};
/* End PBXTargetDependency section */

/* Begin PBXVariantGroup section */
		FB03D01820509B3F00AFEA84 /* Main.storyboard */ = {
			isa = PBXVariantGroup;
			children = (
				FB03D01920509B3F00AFEA84 /* Base */,
			);
			name = Main.storyboard;
			sourceTree = "<group>";
		};
		FB03D01D20509B3F00AFEA84 /* LaunchScreen.storyboard */ = {
			isa = PBXVariantGroup;
			children = (
				FB03D01E20509B3F00AFEA84 /* Base */,
			);
			name = LaunchScreen.storyboard;
			sourceTree = "<group>";
		};
/* End PBXVariantGroup section */

/* Begin XCBuildConfiguration section */
		FB03D03720509B3F00AFEA84 /* Debug */ = {
			isa = XCBuildConfiguration;
			buildSettings = {
				ALWAYS_SEARCH_USER_PATHS = NO;
				CLANG_ANALYZER_NONNULL = YES;
				CLANG_ANALYZER_NUMBER_OBJECT_CONVERSION = YES_AGGRESSIVE;
				CLANG_CXX_LANGUAGE_STANDARD = "gnu++14";
				CLANG_CXX_LIBRARY = "libc++";
				CLANG_ENABLE_MODULES = YES;
				CLANG_ENABLE_OBJC_ARC = YES;
				CLANG_WARN_BLOCK_CAPTURE_AUTORELEASING = YES;
				CLANG_WARN_BOOL_CONVERSION = YES;
				CLANG_WARN_COMMA = YES;
				CLANG_WARN_CONSTANT_CONVERSION = YES;
				CLANG_WARN_DEPRECATED_OBJC_IMPLEMENTATIONS = YES;
				CLANG_WARN_DIRECT_OBJC_ISA_USAGE = YES_ERROR;
				CLANG_WARN_DOCUMENTATION_COMMENTS = YES;
				CLANG_WARN_EMPTY_BODY = YES;
				CLANG_WARN_ENUM_CONVERSION = YES;
				CLANG_WARN_INFINITE_RECURSION = YES;
				CLANG_WARN_INT_CONVERSION = YES;
				CLANG_WARN_NON_LITERAL_NULL_CONVERSION = YES;
				CLANG_WARN_OBJC_IMPLICIT_RETAIN_SELF = YES;
				CLANG_WARN_OBJC_LITERAL_CONVERSION = YES;
				CLANG_WARN_OBJC_ROOT_CLASS = YES_ERROR;
				CLANG_WARN_RANGE_LOOP_ANALYSIS = YES;
				CLANG_WARN_STRICT_PROTOTYPES = YES;
				CLANG_WARN_SUSPICIOUS_MOVE = YES;
				CLANG_WARN_UNGUARDED_AVAILABILITY = YES_AGGRESSIVE;
				CLANG_WARN_UNREACHABLE_CODE = YES;
				CLANG_WARN__DUPLICATE_METHOD_MATCH = YES;
				CODE_SIGN_IDENTITY = "iPhone Developer";
				COPY_PHASE_STRIP = NO;
				DEBUG_INFORMATION_FORMAT = dwarf;
				ENABLE_STRICT_OBJC_MSGSEND = YES;
				ENABLE_TESTABILITY = YES;
				GCC_C_LANGUAGE_STANDARD = gnu11;
				GCC_DYNAMIC_NO_PIC = NO;
				GCC_NO_COMMON_BLOCKS = YES;
				GCC_OPTIMIZATION_LEVEL = 0;
				GCC_PREPROCESSOR_DEFINITIONS = (
					"DEBUG=1",
					"$(inherited)",
				);
				GCC_WARN_64_TO_32_BIT_CONVERSION = YES;
				GCC_WARN_ABOUT_RETURN_TYPE = YES_ERROR;
				GCC_WARN_UNDECLARED_SELECTOR = YES;
				GCC_WARN_UNINITIALIZED_AUTOS = YES_AGGRESSIVE;
				GCC_WARN_UNUSED_FUNCTION = YES;
				GCC_WARN_UNUSED_VARIABLE = YES;
				IPHONEOS_DEPLOYMENT_TARGET = 11.2;
				MTL_ENABLE_DEBUG_INFO = YES;
				ONLY_ACTIVE_ARCH = YES;
				SDKROOT = iphoneos;
				SWIFT_ACTIVE_COMPILATION_CONDITIONS = DEBUG;
				SWIFT_OPTIMIZATION_LEVEL = "-Onone";
			};
			name = Debug;
		};
		FB03D03820509B3F00AFEA84 /* Release */ = {
			isa = XCBuildConfiguration;
			buildSettings = {
				ALWAYS_SEARCH_USER_PATHS = NO;
				CLANG_ANALYZER_NONNULL = YES;
				CLANG_ANALYZER_NUMBER_OBJECT_CONVERSION = YES_AGGRESSIVE;
				CLANG_CXX_LANGUAGE_STANDARD = "gnu++14";
				CLANG_CXX_LIBRARY = "libc++";
				CLANG_ENABLE_MODULES = YES;
				CLANG_ENABLE_OBJC_ARC = YES;
				CLANG_WARN_BLOCK_CAPTURE_AUTORELEASING = YES;
				CLANG_WARN_BOOL_CONVERSION = YES;
				CLANG_WARN_COMMA = YES;
				CLANG_WARN_CONSTANT_CONVERSION = YES;
				CLANG_WARN_DEPRECATED_OBJC_IMPLEMENTATIONS = YES;
				CLANG_WARN_DIRECT_OBJC_ISA_USAGE = YES_ERROR;
				CLANG_WARN_DOCUMENTATION_COMMENTS = YES;
				CLANG_WARN_EMPTY_BODY = YES;
				CLANG_WARN_ENUM_CONVERSION = YES;
				CLANG_WARN_INFINITE_RECURSION = YES;
				CLANG_WARN_INT_CONVERSION = YES;
				CLANG_WARN_NON_LITERAL_NULL_CONVERSION = YES;
				CLANG_WARN_OBJC_IMPLICIT_RETAIN_SELF = YES;
				CLANG_WARN_OBJC_LITERAL_CONVERSION = YES;
				CLANG_WARN_OBJC_ROOT_CLASS = YES_ERROR;
				CLANG_WARN_RANGE_LOOP_ANALYSIS = YES;
				CLANG_WARN_STRICT_PROTOTYPES = YES;
				CLANG_WARN_SUSPICIOUS_MOVE = YES;
				CLANG_WARN_UNGUARDED_AVAILABILITY = YES_AGGRESSIVE;
				CLANG_WARN_UNREACHABLE_CODE = YES;
				CLANG_WARN__DUPLICATE_METHOD_MATCH = YES;
				CODE_SIGN_IDENTITY = "iPhone Developer";
				COPY_PHASE_STRIP = NO;
				DEBUG_INFORMATION_FORMAT = "dwarf-with-dsym";
				ENABLE_NS_ASSERTIONS = NO;
				ENABLE_STRICT_OBJC_MSGSEND = YES;
				GCC_C_LANGUAGE_STANDARD = gnu11;
				GCC_NO_COMMON_BLOCKS = YES;
				GCC_WARN_64_TO_32_BIT_CONVERSION = YES;
				GCC_WARN_ABOUT_RETURN_TYPE = YES_ERROR;
				GCC_WARN_UNDECLARED_SELECTOR = YES;
				GCC_WARN_UNINITIALIZED_AUTOS = YES_AGGRESSIVE;
				GCC_WARN_UNUSED_FUNCTION = YES;
				GCC_WARN_UNUSED_VARIABLE = YES;
				IPHONEOS_DEPLOYMENT_TARGET = 11.2;
				MTL_ENABLE_DEBUG_INFO = NO;
				SDKROOT = iphoneos;
				SWIFT_OPTIMIZATION_LEVEL = "-Owholemodule";
				VALIDATE_PRODUCT = YES;
			};
			name = Release;
		};
		FB03D03A20509B3F00AFEA84 /* Debug */ = {
			isa = XCBuildConfiguration;
			buildSettings = {
				ASSETCATALOG_COMPILER_APPICON_NAME = AppIcon;
				"CODE_SIGN_IDENTITY[sdk=iphoneos*]" = "iPhone Developer";
				CODE_SIGN_STYLE = Automatic;
				DEVELOPMENT_TEAM = JT85L336C8;
				INFOPLIST_FILE = WCrafter/Info.plist;
				IPHONEOS_DEPLOYMENT_TARGET = 10.3;
				LD_RUNPATH_SEARCH_PATHS = "$(inherited) @executable_path/Frameworks";
				PRODUCT_BUNDLE_IDENTIFIER = ITESM.WCrafter;
				PRODUCT_NAME = "$(TARGET_NAME)";
				PROVISIONING_PROFILE_SPECIFIER = "";
				SWIFT_VERSION = 4.0;
				TARGETED_DEVICE_FAMILY = "1,2";
			};
			name = Debug;
		};
		FB03D03B20509B3F00AFEA84 /* Release */ = {
			isa = XCBuildConfiguration;
			buildSettings = {
				ASSETCATALOG_COMPILER_APPICON_NAME = AppIcon;
				"CODE_SIGN_IDENTITY[sdk=iphoneos*]" = "iPhone Developer";
				CODE_SIGN_STYLE = Automatic;
				DEVELOPMENT_TEAM = JT85L336C8;
				INFOPLIST_FILE = WCrafter/Info.plist;
				IPHONEOS_DEPLOYMENT_TARGET = 10.3;
				LD_RUNPATH_SEARCH_PATHS = "$(inherited) @executable_path/Frameworks";
				PRODUCT_BUNDLE_IDENTIFIER = ITESM.WCrafter;
				PRODUCT_NAME = "$(TARGET_NAME)";
				PROVISIONING_PROFILE_SPECIFIER = "";
				SWIFT_VERSION = 4.0;
				TARGETED_DEVICE_FAMILY = "1,2";
			};
			name = Release;
		};
		FB03D03D20509B3F00AFEA84 /* Debug */ = {
			isa = XCBuildConfiguration;
			buildSettings = {
				ALWAYS_EMBED_SWIFT_STANDARD_LIBRARIES = YES;
				BUNDLE_LOADER = "$(TEST_HOST)";
				CODE_SIGN_STYLE = Automatic;
				INFOPLIST_FILE = WCrafterTests/Info.plist;
				LD_RUNPATH_SEARCH_PATHS = "$(inherited) @executable_path/Frameworks @loader_path/Frameworks";
				PRODUCT_BUNDLE_IDENTIFIER = ITESM.WCrafterTests;
				PRODUCT_NAME = "$(TARGET_NAME)";
				SWIFT_VERSION = 4.0;
				TARGETED_DEVICE_FAMILY = "1,2";
				TEST_HOST = "$(BUILT_PRODUCTS_DIR)/WCrafter.app/WCrafter";
			};
			name = Debug;
		};
		FB03D03E20509B3F00AFEA84 /* Release */ = {
			isa = XCBuildConfiguration;
			buildSettings = {
				ALWAYS_EMBED_SWIFT_STANDARD_LIBRARIES = YES;
				BUNDLE_LOADER = "$(TEST_HOST)";
				CODE_SIGN_STYLE = Automatic;
				INFOPLIST_FILE = WCrafterTests/Info.plist;
				LD_RUNPATH_SEARCH_PATHS = "$(inherited) @executable_path/Frameworks @loader_path/Frameworks";
				PRODUCT_BUNDLE_IDENTIFIER = ITESM.WCrafterTests;
				PRODUCT_NAME = "$(TARGET_NAME)";
				SWIFT_VERSION = 4.0;
				TARGETED_DEVICE_FAMILY = "1,2";
				TEST_HOST = "$(BUILT_PRODUCTS_DIR)/WCrafter.app/WCrafter";
			};
			name = Release;
		};
		FB03D04020509B3F00AFEA84 /* Debug */ = {
			isa = XCBuildConfiguration;
			buildSettings = {
				ALWAYS_EMBED_SWIFT_STANDARD_LIBRARIES = YES;
				CODE_SIGN_STYLE = Automatic;
				INFOPLIST_FILE = WCrafterUITests/Info.plist;
				LD_RUNPATH_SEARCH_PATHS = "$(inherited) @executable_path/Frameworks @loader_path/Frameworks";
				PRODUCT_BUNDLE_IDENTIFIER = ITESM.WCrafterUITests;
				PRODUCT_NAME = "$(TARGET_NAME)";
				SWIFT_VERSION = 4.0;
				TARGETED_DEVICE_FAMILY = "1,2";
				TEST_TARGET_NAME = WCrafter;
			};
			name = Debug;
		};
		FB03D04120509B3F00AFEA84 /* Release */ = {
			isa = XCBuildConfiguration;
			buildSettings = {
				ALWAYS_EMBED_SWIFT_STANDARD_LIBRARIES = YES;
				CODE_SIGN_STYLE = Automatic;
				INFOPLIST_FILE = WCrafterUITests/Info.plist;
				LD_RUNPATH_SEARCH_PATHS = "$(inherited) @executable_path/Frameworks @loader_path/Frameworks";
				PRODUCT_BUNDLE_IDENTIFIER = ITESM.WCrafterUITests;
				PRODUCT_NAME = "$(TARGET_NAME)";
				SWIFT_VERSION = 4.0;
				TARGETED_DEVICE_FAMILY = "1,2";
				TEST_TARGET_NAME = WCrafter;
			};
			name = Release;
		};
/* End XCBuildConfiguration section */

/* Begin XCConfigurationList section */
		FB03D00A20509B3F00AFEA84 /* Build configuration list for PBXProject "WCrafter" */ = {
			isa = XCConfigurationList;
			buildConfigurations = (
				FB03D03720509B3F00AFEA84 /* Debug */,
				FB03D03820509B3F00AFEA84 /* Release */,
			);
			defaultConfigurationIsVisible = 0;
			defaultConfigurationName = Release;
		};
		FB03D03920509B3F00AFEA84 /* Build configuration list for PBXNativeTarget "WCrafter" */ = {
			isa = XCConfigurationList;
			buildConfigurations = (
				FB03D03A20509B3F00AFEA84 /* Debug */,
				FB03D03B20509B3F00AFEA84 /* Release */,
			);
			defaultConfigurationIsVisible = 0;
			defaultConfigurationName = Release;
		};
		FB03D03C20509B3F00AFEA84 /* Build configuration list for PBXNativeTarget "WCrafterTests" */ = {
			isa = XCConfigurationList;
			buildConfigurations = (
				FB03D03D20509B3F00AFEA84 /* Debug */,
				FB03D03E20509B3F00AFEA84 /* Release */,
			);
			defaultConfigurationIsVisible = 0;
			defaultConfigurationName = Release;
		};
		FB03D03F20509B3F00AFEA84 /* Build configuration list for PBXNativeTarget "WCrafterUITests" */ = {
			isa = XCConfigurationList;
			buildConfigurations = (
				FB03D04020509B3F00AFEA84 /* Debug */,
				FB03D04120509B3F00AFEA84 /* Release */,
			);
			defaultConfigurationIsVisible = 0;
			defaultConfigurationName = Release;
		};
/* End XCConfigurationList section */
	};
	rootObject = FB03D00720509B3F00AFEA84 /* Project object */;
}
